// !$*UTF8*$!
{
	archiveVersion = 1;
	classes = {
	};
	objectVersion = 46;
	objects = {

/* Begin PBXBuildFile section */
		86E552ED1EA744C00027DADC /* main.m in Sources */ = {isa = PBXBuildFile; fileRef = 86E552EC1EA744C00027DADC /* main.m */; };
		86E552F01EA744C00027DADC /* AppDelegate.m in Sources */ = {isa = PBXBuildFile; fileRef = 86E552EF1EA744C00027DADC /* AppDelegate.m */; };
		86E552F61EA744C00027DADC /* Main.storyboard in Resources */ = {isa = PBXBuildFile; fileRef = 86E552F41EA744C00027DADC /* Main.storyboard */; };
		86E552F81EA744C00027DADC /* Assets.xcassets in Resources */ = {isa = PBXBuildFile; fileRef = 86E552F71EA744C00027DADC /* Assets.xcassets */; };
		86E552FB1EA744C00027DADC /* LaunchScreen.storyboard in Resources */ = {isa = PBXBuildFile; fileRef = 86E552F91EA744C00027DADC /* LaunchScreen.storyboard */; };
		86E553061EA744C00027DADC /* TFNetworkingDemoTests.m in Sources */ = {isa = PBXBuildFile; fileRef = 86E553051EA744C00027DADC /* TFNetworkingDemoTests.m */; };
		86E553111EA744C00027DADC /* TFNetworkingDemoUITests.m in Sources */ = {isa = PBXBuildFile; fileRef = 86E553101EA744C00027DADC /* TFNetworkingDemoUITests.m */; };
		86E553211EA744FF0027DADC /* ViewController.m in Sources */ = {isa = PBXBuildFile; fileRef = 86E553201EA744FF0027DADC /* ViewController.m */; };
		86E5541E1EA746220027DADC /* TFNetWorkingManager.m in Sources */ = {isa = PBXBuildFile; fileRef = 86E5540C1EA746220027DADC /* TFNetWorkingManager.m */; };
		86E5541F1EA746220027DADC /* TFNetworkReachabilityManager.m in Sources */ = {isa = PBXBuildFile; fileRef = 86E5540F1EA746220027DADC /* TFNetworkReachabilityManager.m */; };
		86E554201EA746220027DADC /* TFSecurityPolicy.m in Sources */ = {isa = PBXBuildFile; fileRef = 86E554121EA746220027DADC /* TFSecurityPolicy.m */; };
		86E554211EA746220027DADC /* TFURLRequestSerialization.m in Sources */ = {isa = PBXBuildFile; fileRef = 86E554151EA746220027DADC /* TFURLRequestSerialization.m */; };
		86E554221EA746220027DADC /* TFURLResponseSerialization.m in Sources */ = {isa = PBXBuildFile; fileRef = 86E554171EA746220027DADC /* TFURLResponseSerialization.m */; };
		86E554231EA746220027DADC /* TFHTTPSessionManager.m in Sources */ = {isa = PBXBuildFile; fileRef = 86E5541A1EA746220027DADC /* TFHTTPSessionManager.m */; };
		86E554241EA746220027DADC /* TFURLSessionManager.m in Sources */ = {isa = PBXBuildFile; fileRef = 86E5541C1EA746220027DADC /* TFURLSessionManager.m */; };
		EEA498A3E549BE6A8D9BDA97 /* libPods-TFNetworkingDemo.a in Frameworks */ = {isa = PBXBuildFile; fileRef = 0C279A44C0766B2C124C0AFD /* libPods-TFNetworkingDemo.a */; };
/* End PBXBuildFile section */

/* Begin PBXContainerItemProxy section */
		86E553021EA744C00027DADC /* PBXContainerItemProxy */ = {
			isa = PBXContainerItemProxy;
			containerPortal = 86E552E01EA744C00027DADC /* Project object */;
			proxyType = 1;
			remoteGlobalIDString = 86E552E71EA744C00027DADC;
			remoteInfo = TFNetworkingDemo;
		};
		86E5530D1EA744C00027DADC /* PBXContainerItemProxy */ = {
			isa = PBXContainerItemProxy;
			containerPortal = 86E552E01EA744C00027DADC /* Project object */;
			proxyType = 1;
			remoteGlobalIDString = 86E552E71EA744C00027DADC;
			remoteInfo = TFNetworkingDemo;
		};
/* End PBXContainerItemProxy section */

/* Begin PBXFileReference section */
		0C279A44C0766B2C124C0AFD /* libPods-TFNetworkingDemo.a */ = {isa = PBXFileReference; explicitFileType = archive.ar; includeInIndex = 0; path = "libPods-TFNetworkingDemo.a"; sourceTree = BUILT_PRODUCTS_DIR; };
		789D8756F837E3744E5DE25D /* Pods-TFNetworkingDemo.debug.xcconfig */ = {isa = PBXFileReference; includeInIndex = 1; lastKnownFileType = text.xcconfig; name = "Pods-TFNetworkingDemo.debug.xcconfig"; path = "Pods/Target Support Files/Pods-TFNetworkingDemo/Pods-TFNetworkingDemo.debug.xcconfig"; sourceTree = "<group>"; };
		86E552E81EA744C00027DADC /* TFNetworkingDemo.app */ = {isa = PBXFileReference; explicitFileType = wrapper.application; includeInIndex = 0; path = TFNetworkingDemo.app; sourceTree = BUILT_PRODUCTS_DIR; };
		86E552EC1EA744C00027DADC /* main.m */ = {isa = PBXFileReference; lastKnownFileType = sourcecode.c.objc; path = main.m; sourceTree = "<group>"; };
		86E552EE1EA744C00027DADC /* AppDelegate.h */ = {isa = PBXFileReference; lastKnownFileType = sourcecode.c.h; path = AppDelegate.h; sourceTree = "<group>"; };
		86E552EF1EA744C00027DADC /* AppDelegate.m */ = {isa = PBXFileReference; lastKnownFileType = sourcecode.c.objc; path = AppDelegate.m; sourceTree = "<group>"; };
		86E552F51EA744C00027DADC /* Base */ = {isa = PBXFileReference; lastKnownFileType = file.storyboard; name = Base; path = Base.lproj/Main.storyboard; sourceTree = "<group>"; };
		86E552F71EA744C00027DADC /* Assets.xcassets */ = {isa = PBXFileReference; lastKnownFileType = folder.assetcatalog; path = Assets.xcassets; sourceTree = "<group>"; };
		86E552FA1EA744C00027DADC /* Base */ = {isa = PBXFileReference; lastKnownFileType = file.storyboard; name = Base; path = Base.lproj/LaunchScreen.storyboard; sourceTree = "<group>"; };
		86E552FC1EA744C00027DADC /* Info.plist */ = {isa = PBXFileReference; lastKnownFileType = text.plist.xml; path = Info.plist; sourceTree = "<group>"; };
		86E553011EA744C00027DADC /* TFNetworkingDemoTests.xctest */ = {isa = PBXFileReference; explicitFileType = wrapper.cfbundle; includeInIndex = 0; path = TFNetworkingDemoTests.xctest; sourceTree = BUILT_PRODUCTS_DIR; };
		86E553051EA744C00027DADC /* TFNetworkingDemoTests.m */ = {isa = PBXFileReference; lastKnownFileType = sourcecode.c.objc; path = TFNetworkingDemoTests.m; sourceTree = "<group>"; };
		86E553071EA744C00027DADC /* Info.plist */ = {isa = PBXFileReference; lastKnownFileType = text.plist.xml; path = Info.plist; sourceTree = "<group>"; };
		86E5530C1EA744C00027DADC /* TFNetworkingDemoUITests.xctest */ = {isa = PBXFileReference; explicitFileType = wrapper.cfbundle; includeInIndex = 0; path = TFNetworkingDemoUITests.xctest; sourceTree = BUILT_PRODUCTS_DIR; };
		86E553101EA744C00027DADC /* TFNetworkingDemoUITests.m */ = {isa = PBXFileReference; lastKnownFileType = sourcecode.c.objc; path = TFNetworkingDemoUITests.m; sourceTree = "<group>"; };
		86E553121EA744C00027DADC /* Info.plist */ = {isa = PBXFileReference; lastKnownFileType = text.plist.xml; path = Info.plist; sourceTree = "<group>"; };
		86E5531F1EA744FF0027DADC /* ViewController.h */ = {isa = PBXFileReference; fileEncoding = 4; lastKnownFileType = sourcecode.c.h; path = ViewController.h; sourceTree = "<group>"; };
		86E553201EA744FF0027DADC /* ViewController.m */ = {isa = PBXFileReference; fileEncoding = 4; lastKnownFileType = sourcecode.c.objc; path = ViewController.m; sourceTree = "<group>"; };
		86E5540B1EA746220027DADC /* TFNetWorkingManager.h */ = {isa = PBXFileReference; fileEncoding = 4; lastKnownFileType = sourcecode.c.h; path = TFNetWorkingManager.h; sourceTree = "<group>"; };
		86E5540C1EA746220027DADC /* TFNetWorkingManager.m */ = {isa = PBXFileReference; fileEncoding = 4; lastKnownFileType = sourcecode.c.objc; path = TFNetWorkingManager.m; sourceTree = "<group>"; };
		86E5540E1EA746220027DADC /* TFNetworkReachabilityManager.h */ = {isa = PBXFileReference; fileEncoding = 4; lastKnownFileType = sourcecode.c.h; path = TFNetworkReachabilityManager.h; sourceTree = "<group>"; };
		86E5540F1EA746220027DADC /* TFNetworkReachabilityManager.m */ = {isa = PBXFileReference; fileEncoding = 4; lastKnownFileType = sourcecode.c.objc; path = TFNetworkReachabilityManager.m; sourceTree = "<group>"; };
		86E554111EA746220027DADC /* TFSecurityPolicy.h */ = {isa = PBXFileReference; fileEncoding = 4; lastKnownFileType = sourcecode.c.h; path = TFSecurityPolicy.h; sourceTree = "<group>"; };
		86E554121EA746220027DADC /* TFSecurityPolicy.m */ = {isa = PBXFileReference; fileEncoding = 4; lastKnownFileType = sourcecode.c.objc; path = TFSecurityPolicy.m; sourceTree = "<group>"; };
		86E554141EA746220027DADC /* TFURLRequestSerialization.h */ = {isa = PBXFileReference; fileEncoding = 4; lastKnownFileType = sourcecode.c.h; path = TFURLRequestSerialization.h; sourceTree = "<group>"; };
		86E554151EA746220027DADC /* TFURLRequestSerialization.m */ = {isa = PBXFileReference; fileEncoding = 4; lastKnownFileType = sourcecode.c.objc; path = TFURLRequestSerialization.m; sourceTree = "<group>"; };
		86E554161EA746220027DADC /* TFURLResponseSerialization.h */ = {isa = PBXFileReference; fileEncoding = 4; lastKnownFileType = sourcecode.c.h; path = TFURLResponseSerialization.h; sourceTree = "<group>"; };
		86E554171EA746220027DADC /* TFURLResponseSerialization.m */ = {isa = PBXFileReference; fileEncoding = 4; lastKnownFileType = sourcecode.c.objc; path = TFURLResponseSerialization.m; sourceTree = "<group>"; };
		86E554191EA746220027DADC /* TFHTTPSessionManager.h */ = {isa = PBXFileReference; fileEncoding = 4; lastKnownFileType = sourcecode.c.h; path = TFHTTPSessionManager.h; sourceTree = "<group>"; };
		86E5541A1EA746220027DADC /* TFHTTPSessionManager.m */ = {isa = PBXFileReference; fileEncoding = 4; lastKnownFileType = sourcecode.c.objc; path = TFHTTPSessionManager.m; sourceTree = "<group>"; };
		86E5541B1EA746220027DADC /* TFURLSessionManager.h */ = {isa = PBXFileReference; fileEncoding = 4; lastKnownFileType = sourcecode.c.h; path = TFURLSessionManager.h; sourceTree = "<group>"; };
		86E5541C1EA746220027DADC /* TFURLSessionManager.m */ = {isa = PBXFileReference; fileEncoding = 4; lastKnownFileType = sourcecode.c.objc; path = TFURLSessionManager.m; sourceTree = "<group>"; };
		86E5541D1EA746220027DADC /* TFNetworking.h */ = {isa = PBXFileReference; fileEncoding = 4; lastKnownFileType = sourcecode.c.h; path = TFNetworking.h; sourceTree = "<group>"; };
		D2D0D573CFFBC78E1B079872 /* Pods-TFNetworkingDemo.release.xcconfig */ = {isa = PBXFileReference; includeInIndex = 1; lastKnownFileType = text.xcconfig; name = "Pods-TFNetworkingDemo.release.xcconfig"; path = "Pods/Target Support Files/Pods-TFNetworkingDemo/Pods-TFNetworkingDemo.release.xcconfig"; sourceTree = "<group>"; };
/* End PBXFileReference section */

/* Begin PBXFrameworksBuildPhase section */
		86E552E51EA744C00027DADC /* Frameworks */ = {
			isa = PBXFrameworksBuildPhase;
			buildActionMask = 2147483647;
			files = (
				EEA498A3E549BE6A8D9BDA97 /* libPods-TFNetworkingDemo.a in Frameworks */,
			);
			runOnlyForDeploymentPostprocessing = 0;
		};
		86E552FE1EA744C00027DADC /* Frameworks */ = {
			isa = PBXFrameworksBuildPhase;
			buildActionMask = 2147483647;
			files = (
			);
			runOnlyForDeploymentPostprocessing = 0;
		};
		86E553091EA744C00027DADC /* Frameworks */ = {
			isa = PBXFrameworksBuildPhase;
			buildActionMask = 2147483647;
			files = (
			);
			runOnlyForDeploymentPostprocessing = 0;
		};
/* End PBXFrameworksBuildPhase section */

/* Begin PBXGroup section */
		861DDD7920B88DAC05890907 /* Pods */ = {
			isa = PBXGroup;
			children = (
				789D8756F837E3744E5DE25D /* Pods-TFNetworkingDemo.debug.xcconfig */,
				D2D0D573CFFBC78E1B079872 /* Pods-TFNetworkingDemo.release.xcconfig */,
			);
			name = Pods;
			sourceTree = "<group>";
		};
		86E552DF1EA744C00027DADC = {
			isa = PBXGroup;
			children = (
				86E552EA1EA744C00027DADC /* TFNetworkingDemo */,
				86E553041EA744C00027DADC /* TFNetworkingDemoTests */,
				86E5530F1EA744C00027DADC /* TFNetworkingDemoUITests */,
				86E552E91EA744C00027DADC /* Products */,
				861DDD7920B88DAC05890907 /* Pods */,
				FB4F411B70D2211815F5BC29 /* Frameworks */,
			);
			sourceTree = "<group>";
		};
		86E552E91EA744C00027DADC /* Products */ = {
			isa = PBXGroup;
			children = (
				86E552E81EA744C00027DADC /* TFNetworkingDemo.app */,
				86E553011EA744C00027DADC /* TFNetworkingDemoTests.xctest */,
				86E5530C1EA744C00027DADC /* TFNetworkingDemoUITests.xctest */,
			);
			name = Products;
			sourceTree = "<group>";
		};
		86E552EA1EA744C00027DADC /* TFNetworkingDemo */ = {
			isa = PBXGroup;
			children = (
				86E554091EA746220027DADC /* TFNetworking */,
				86E5531E1EA744FF0027DADC /* Classes */,
				86E552EE1EA744C00027DADC /* AppDelegate.h */,
				86E552EF1EA744C00027DADC /* AppDelegate.m */,
				86E552F41EA744C00027DADC /* Main.storyboard */,
				86E552F71EA744C00027DADC /* Assets.xcassets */,
				86E552F91EA744C00027DADC /* LaunchScreen.storyboard */,
				86E552FC1EA744C00027DADC /* Info.plist */,
				86E552EB1EA744C00027DADC /* Supporting Files */,
			);
			path = TFNetworkingDemo;
			sourceTree = "<group>";
		};
		86E552EB1EA744C00027DADC /* Supporting Files */ = {
			isa = PBXGroup;
			children = (
				86E552EC1EA744C00027DADC /* main.m */,
			);
			name = "Supporting Files";
			sourceTree = "<group>";
		};
		86E553041EA744C00027DADC /* TFNetworkingDemoTests */ = {
			isa = PBXGroup;
			children = (
				86E553051EA744C00027DADC /* TFNetworkingDemoTests.m */,
				86E553071EA744C00027DADC /* Info.plist */,
			);
			path = TFNetworkingDemoTests;
			sourceTree = "<group>";
		};
		86E5530F1EA744C00027DADC /* TFNetworkingDemoUITests */ = {
			isa = PBXGroup;
			children = (
				86E553101EA744C00027DADC /* TFNetworkingDemoUITests.m */,
				86E553121EA744C00027DADC /* Info.plist */,
			);
			path = TFNetworkingDemoUITests;
			sourceTree = "<group>";
		};
		86E5531E1EA744FF0027DADC /* Classes */ = {
			isa = PBXGroup;
			children = (
				86E5531F1EA744FF0027DADC /* ViewController.h */,
				86E553201EA744FF0027DADC /* ViewController.m */,
			);
			path = Classes;
			sourceTree = "<group>";
		};
		86E554091EA746220027DADC /* TFNetworking */ = {
			isa = PBXGroup;
			children = (
				86E5541D1EA746220027DADC /* TFNetworking.h */,
				86E5540A1EA746220027DADC /* Manager */,
				86E5540D1EA746220027DADC /* Reachability */,
				86E554101EA746220027DADC /* Security */,
				86E554131EA746220027DADC /* Serialization */,
				86E554181EA746220027DADC /* Session */,
			);
			name = TFNetworking;
			path = ../../TFNetworking;
			sourceTree = "<group>";
		};
		86E5540A1EA746220027DADC /* Manager */ = {
			isa = PBXGroup;
			children = (
				86E5540B1EA746220027DADC /* TFNetWorkingManager.h */,
				86E5540C1EA746220027DADC /* TFNetWorkingManager.m */,
			);
			path = Manager;
			sourceTree = "<group>";
		};
		86E5540D1EA746220027DADC /* Reachability */ = {
			isa = PBXGroup;
			children = (
				86E5540E1EA746220027DADC /* TFNetworkReachabilityManager.h */,
				86E5540F1EA746220027DADC /* TFNetworkReachabilityManager.m */,
			);
			path = Reachability;
			sourceTree = "<group>";
		};
		86E554101EA746220027DADC /* Security */ = {
			isa = PBXGroup;
			children = (
				86E554111EA746220027DADC /* TFSecurityPolicy.h */,
				86E554121EA746220027DADC /* TFSecurityPolicy.m */,
			);
			path = Security;
			sourceTree = "<group>";
		};
		86E554131EA746220027DADC /* Serialization */ = {
			isa = PBXGroup;
			children = (
				86E554141EA746220027DADC /* TFURLRequestSerialization.h */,
				86E554151EA746220027DADC /* TFURLRequestSerialization.m */,
				86E554161EA746220027DADC /* TFURLResponseSerialization.h */,
				86E554171EA746220027DADC /* TFURLResponseSerialization.m */,
			);
			path = Serialization;
			sourceTree = "<group>";
		};
		86E554181EA746220027DADC /* Session */ = {
			isa = PBXGroup;
			children = (
				86E554191EA746220027DADC /* TFHTTPSessionManager.h */,
				86E5541A1EA746220027DADC /* TFHTTPSessionManager.m */,
				86E5541B1EA746220027DADC /* TFURLSessionManager.h */,
				86E5541C1EA746220027DADC /* TFURLSessionManager.m */,
			);
			path = Session;
			sourceTree = "<group>";
		};
		FB4F411B70D2211815F5BC29 /* Frameworks */ = {
			isa = PBXGroup;
			children = (
				0C279A44C0766B2C124C0AFD /* libPods-TFNetworkingDemo.a */,
			);
			name = Frameworks;
			sourceTree = "<group>";
		};
/* End PBXGroup section */

/* Begin PBXNativeTarget section */
		86E552E71EA744C00027DADC /* TFNetworkingDemo */ = {
			isa = PBXNativeTarget;
			buildConfigurationList = 86E553151EA744C00027DADC /* Build configuration list for PBXNativeTarget "TFNetworkingDemo" */;
			buildPhases = (
				1A710346656C1E93A3FE766D /* [CP] Check Pods Manifest.lock */,
				86E552E41EA744C00027DADC /* Sources */,
				86E552E51EA744C00027DADC /* Frameworks */,
				86E552E61EA744C00027DADC /* Resources */,
				6603BF7B2005D775815CF494 /* [CP] Embed Pods Frameworks */,
				7A9F565D4DDE833E25C689E4 /* [CP] Copy Pods Resources */,
			);
			buildRules = (
			);
			dependencies = (
			);
			name = TFNetworkingDemo;
			productName = TFNetworkingDemo;
			productReference = 86E552E81EA744C00027DADC /* TFNetworkingDemo.app */;
			productType = "com.apple.product-type.application";
		};
		86E553001EA744C00027DADC /* TFNetworkingDemoTests */ = {
			isa = PBXNativeTarget;
			buildConfigurationList = 86E553181EA744C00027DADC /* Build configuration list for PBXNativeTarget "TFNetworkingDemoTests" */;
			buildPhases = (
				86E552FD1EA744C00027DADC /* Sources */,
				86E552FE1EA744C00027DADC /* Frameworks */,
				86E552FF1EA744C00027DADC /* Resources */,
			);
			buildRules = (
			);
			dependencies = (
				86E553031EA744C00027DADC /* PBXTargetDependency */,
			);
			name = TFNetworkingDemoTests;
			productName = TFNetworkingDemoTests;
			productReference = 86E553011EA744C00027DADC /* TFNetworkingDemoTests.xctest */;
			productType = "com.apple.product-type.bundle.unit-test";
		};
		86E5530B1EA744C00027DADC /* TFNetworkingDemoUITests */ = {
			isa = PBXNativeTarget;
			buildConfigurationList = 86E5531B1EA744C00027DADC /* Build configuration list for PBXNativeTarget "TFNetworkingDemoUITests" */;
			buildPhases = (
				86E553081EA744C00027DADC /* Sources */,
				86E553091EA744C00027DADC /* Frameworks */,
				86E5530A1EA744C00027DADC /* Resources */,
			);
			buildRules = (
			);
			dependencies = (
				86E5530E1EA744C00027DADC /* PBXTargetDependency */,
			);
			name = TFNetworkingDemoUITests;
			productName = TFNetworkingDemoUITests;
			productReference = 86E5530C1EA744C00027DADC /* TFNetworkingDemoUITests.xctest */;
			productType = "com.apple.product-type.bundle.ui-testing";
		};
/* End PBXNativeTarget section */

/* Begin PBXProject section */
		86E552E01EA744C00027DADC /* Project object */ = {
			isa = PBXProject;
			attributes = {
				LastUpgradeCheck = 0830;
				ORGANIZATIONNAME = "Donkey-Tao";
				TargetAttributes = {
					86E552E71EA744C00027DADC = {
						CreatedOnToolsVersion = 8.3.1;
						DevelopmentTeam = W58KGB664J;
						ProvisioningStyle = Automatic;
					};
					86E553001EA744C00027DADC = {
						CreatedOnToolsVersion = 8.3.1;
						DevelopmentTeam = W58KGB664J;
						ProvisioningStyle = Automatic;
						TestTargetID = 86E552E71EA744C00027DADC;
					};
					86E5530B1EA744C00027DADC = {
						CreatedOnToolsVersion = 8.3.1;
						DevelopmentTeam = W58KGB664J;
						ProvisioningStyle = Automatic;
						TestTargetID = 86E552E71EA744C00027DADC;
					};
				};
			};
			buildConfigurationList = 86E552E31EA744C00027DADC /* Build configuration list for PBXProject "TFNetworkingDemo" */;
			compatibilityVersion = "Xcode 3.2";
			developmentRegion = English;
			hasScannedForEncodings = 0;
			knownRegions = (
				en,
				Base,
			);
			mainGroup = 86E552DF1EA744C00027DADC;
			productRefGroup = 86E552E91EA744C00027DADC /* Products */;
			projectDirPath = "";
			projectRoot = "";
			targets = (
				86E552E71EA744C00027DADC /* TFNetworkingDemo */,
				86E553001EA744C00027DADC /* TFNetworkingDemoTests */,
				86E5530B1EA744C00027DADC /* TFNetworkingDemoUITests */,
			);
		};
/* End PBXProject section */

/* Begin PBXResourcesBuildPhase section */
		86E552E61EA744C00027DADC /* Resources */ = {
			isa = PBXResourcesBuildPhase;
			buildActionMask = 2147483647;
			files = (
				86E552FB1EA744C00027DADC /* LaunchScreen.storyboard in Resources */,
				86E552F81EA744C00027DADC /* Assets.xcassets in Resources */,
				86E552F61EA744C00027DADC /* Main.storyboard in Resources */,
			);
			runOnlyForDeploymentPostprocessing = 0;
		};
		86E552FF1EA744C00027DADC /* Resources */ = {
			isa = PBXResourcesBuildPhase;
			buildActionMask = 2147483647;
			files = (
			);
			runOnlyForDeploymentPostprocessing = 0;
		};
		86E5530A1EA744C00027DADC /* Resources */ = {
			isa = PBXResourcesBuildPhase;
			buildActionMask = 2147483647;
			files = (
			);
			runOnlyForDeploymentPostprocessing = 0;
		};
/* End PBXResourcesBuildPhase section */

/* Begin PBXShellScriptBuildPhase section */
		1A710346656C1E93A3FE766D /* [CP] Check Pods Manifest.lock */ = {
			isa = PBXShellScriptBuildPhase;
			buildActionMask = 2147483647;
			files = (
			);
			inputPaths = (
			);
			name = "[CP] Check Pods Manifest.lock";
			outputPaths = (
			);
			runOnlyForDeploymentPostprocessing = 0;
			shellPath = /bin/sh;
			shellScript = "diff \"${PODS_ROOT}/../Podfile.lock\" \"${PODS_ROOT}/Manifest.lock\" > /dev/null\nif [ $? != 0 ] ; then\n    # print error to STDERR\n    echo \"error: The sandbox is not in sync with the Podfile.lock. Run 'pod install' or update your CocoaPods installation.\" >&2\n    exit 1\nfi\n";
			showEnvVarsInLog = 0;
		};
		6603BF7B2005D775815CF494 /* [CP] Embed Pods Frameworks */ = {
			isa = PBXShellScriptBuildPhase;
			buildActionMask = 2147483647;
			files = (
			);
			inputPaths = (
			);
			name = "[CP] Embed Pods Frameworks";
			outputPaths = (
			);
			runOnlyForDeploymentPostprocessing = 0;
			shellPath = /bin/sh;
			shellScript = "\"${SRCROOT}/Pods/Target Support Files/Pods-TFNetworkingDemo/Pods-TFNetworkingDemo-frameworks.sh\"\n";
			showEnvVarsInLog = 0;
		};
		7A9F565D4DDE833E25C689E4 /* [CP] Copy Pods Resources */ = {
			isa = PBXShellScriptBuildPhase;
			buildActionMask = 2147483647;
			files = (
			);
			inputPaths = (
			);
			name = "[CP] Copy Pods Resources";
			outputPaths = (
			);
			runOnlyForDeploymentPostprocessing = 0;
			shellPath = /bin/sh;
			shellScript = "\"${SRCROOT}/Pods/Target Support Files/Pods-TFNetworkingDemo/Pods-TFNetworkingDemo-resources.sh\"\n";
			showEnvVarsInLog = 0;
		};
/* End PBXShellScriptBuildPhase section */

/* Begin PBXSourcesBuildPhase section */
		86E552E41EA744C00027DADC /* Sources */ = {
			isa = PBXSourcesBuildPhase;
			buildActionMask = 2147483647;
			files = (
				86E554241EA746220027DADC /* TFURLSessionManager.m in Sources */,
				86E554211EA746220027DADC /* TFURLRequestSerialization.m in Sources */,
				86E554221EA746220027DADC /* TFURLResponseSerialization.m in Sources */,
				86E553211EA744FF0027DADC /* ViewController.m in Sources */,
				86E554231EA746220027DADC /* TFHTTPSessionManager.m in Sources */,
				86E5541E1EA746220027DADC /* TFNetWorkingManager.m in Sources */,
				86E552F01EA744C00027DADC /* AppDelegate.m in Sources */,
				86E552ED1EA744C00027DADC /* main.m in Sources */,
				86E5541F1EA746220027DADC /* TFNetworkReachabilityManager.m in Sources */,
				86E554201EA746220027DADC /* TFSecurityPolicy.m in Sources */,
			);
			runOnlyForDeploymentPostprocessing = 0;
		};
		86E552FD1EA744C00027DADC /* Sources */ = {
			isa = PBXSourcesBuildPhase;
			buildActionMask = 2147483647;
			files = (
				86E553061EA744C00027DADC /* TFNetworkingDemoTests.m in Sources */,
			);
			runOnlyForDeploymentPostprocessing = 0;
		};
		86E553081EA744C00027DADC /* Sources */ = {
			isa = PBXSourcesBuildPhase;
			buildActionMask = 2147483647;
			files = (
				86E553111EA744C00027DADC /* TFNetworkingDemoUITests.m in Sources */,
			);
			runOnlyForDeploymentPostprocessing = 0;
		};
/* End PBXSourcesBuildPhase section */

/* Begin PBXTargetDependency section */
		86E553031EA744C00027DADC /* PBXTargetDependency */ = {
			isa = PBXTargetDependency;
			target = 86E552E71EA744C00027DADC /* TFNetworkingDemo */;
			targetProxy = 86E553021EA744C00027DADC /* PBXContainerItemProxy */;
		};
		86E5530E1EA744C00027DADC /* PBXTargetDependency */ = {
			isa = PBXTargetDependency;
			target = 86E552E71EA744C00027DADC /* TFNetworkingDemo */;
			targetProxy = 86E5530D1EA744C00027DADC /* PBXContainerItemProxy */;
		};
/* End PBXTargetDependency section */

/* Begin PBXVariantGroup section */
		86E552F41EA744C00027DADC /* Main.storyboard */ = {
			isa = PBXVariantGroup;
			children = (
				86E552F51EA744C00027DADC /* Base */,
			);
			name = Main.storyboard;
			sourceTree = "<group>";
		};
		86E552F91EA744C00027DADC /* LaunchScreen.storyboard */ = {
			isa = PBXVariantGroup;
			children = (
				86E552FA1EA744C00027DADC /* Base */,
			);
			name = LaunchScreen.storyboard;
			sourceTree = "<group>";
		};
/* End PBXVariantGroup section */

/* Begin XCBuildConfiguration section */
		86E553131EA744C00027DADC /* Debug */ = {
			isa = XCBuildConfiguration;
			buildSettings = {
				ALWAYS_SEARCH_USER_PATHS = NO;
				CLANG_ANALYZER_NONNULL = YES;
				CLANG_ANALYZER_NUMBER_OBJECT_CONVERSION = YES_AGGRESSIVE;
				CLANG_CXX_LANGUAGE_STANDARD = "gnu++0x";
				CLANG_CXX_LIBRARY = "libc++";
				CLANG_ENABLE_MODULES = YES;
				CLANG_ENABLE_OBJC_ARC = YES;
				CLANG_WARN_BOOL_CONVERSION = YES;
				CLANG_WARN_CONSTANT_CONVERSION = YES;
				CLANG_WARN_DIRECT_OBJC_ISA_USAGE = YES_ERROR;
				CLANG_WARN_DOCUMENTATION_COMMENTS = YES;
				CLANG_WARN_EMPTY_BODY = YES;
				CLANG_WARN_ENUM_CONVERSION = YES;
				CLANG_WARN_INFINITE_RECURSION = YES;
				CLANG_WARN_INT_CONVERSION = YES;
				CLANG_WARN_OBJC_ROOT_CLASS = YES_ERROR;
				CLANG_WARN_SUSPICIOUS_MOVE = YES;
				CLANG_WARN_UNREACHABLE_CODE = YES;
				CLANG_WARN__DUPLICATE_METHOD_MATCH = YES;
				"CODE_SIGN_IDENTITY[sdk=iphoneos*]" = "iPhone Developer";
				COPY_PHASE_STRIP = NO;
				DEBUG_INFORMATION_FORMAT = dwarf;
				ENABLE_STRICT_OBJC_MSGSEND = YES;
				ENABLE_TESTABILITY = YES;
				GCC_C_LANGUAGE_STANDARD = gnu99;
				GCC_DYNAMIC_NO_PIC = NO;
				GCC_NO_COMMON_BLOCKS = YES;
				GCC_OPTIMIZATION_LEVEL = 0;
				GCC_PREPROCESSOR_DEFINITIONS = (
					"DEBUG=1",
					"$(inherited)",
				);
				GCC_WARN_64_TO_32_BIT_CONVERSION = YES;
				GCC_WARN_ABOUT_RETURN_TYPE = YES_ERROR;
				GCC_WARN_UNDECLARED_SELECTOR = YES;
				GCC_WARN_UNINITIALIZED_AUTOS = YES_AGGRESSIVE;
				GCC_WARN_UNUSED_FUNCTION = YES;
				GCC_WARN_UNUSED_VARIABLE = YES;
				IPHONEOS_DEPLOYMENT_TARGET = 10.3;
				MTL_ENABLE_DEBUG_INFO = YES;
				ONLY_ACTIVE_ARCH = YES;
				SDKROOT = iphoneos;
			};
			name = Debug;
		};
		86E553141EA744C00027DADC /* Release */ = {
			isa = XCBuildConfiguration;
			buildSettings = {
				ALWAYS_SEARCH_USER_PATHS = NO;
				CLANG_ANALYZER_NONNULL = YES;
				CLANG_ANALYZER_NUMBER_OBJECT_CONVERSION = YES_AGGRESSIVE;
				CLANG_CXX_LANGUAGE_STANDARD = "gnu++0x";
				CLANG_CXX_LIBRARY = "libc++";
				CLANG_ENABLE_MODULES = YES;
				CLANG_ENABLE_OBJC_ARC = YES;
				CLANG_WARN_BOOL_CONVERSION = YES;
				CLANG_WARN_CONSTANT_CONVERSION = YES;
				CLANG_WARN_DIRECT_OBJC_ISA_USAGE = YES_ERROR;
				CLANG_WARN_DOCUMENTATION_COMMENTS = YES;
				CLANG_WARN_EMPTY_BODY = YES;
				CLANG_WARN_ENUM_CONVERSION = YES;
				CLANG_WARN_INFINITE_RECURSION = YES;
				CLANG_WARN_INT_CONVERSION = YES;
				CLANG_WARN_OBJC_ROOT_CLASS = YES_ERROR;
				CLANG_WARN_SUSPICIOUS_MOVE = YES;
				CLANG_WARN_UNREACHABLE_CODE = YES;
				CLANG_WARN__DUPLICATE_METHOD_MATCH = YES;
				"CODE_SIGN_IDENTITY[sdk=iphoneos*]" = "iPhone Developer";
				COPY_PHASE_STRIP = NO;
				DEBUG_INFORMATION_FORMAT = "dwarf-with-dsym";
				ENABLE_NS_ASSERTIONS = NO;
				ENABLE_STRICT_OBJC_MSGSEND = YES;
				GCC_C_LANGUAGE_STANDARD = gnu99;
				GCC_NO_COMMON_BLOCKS = YES;
				GCC_WARN_64_TO_32_BIT_CONVERSION = YES;
				GCC_WARN_ABOUT_RETURN_TYPE = YES_ERROR;
				GCC_WARN_UNDECLARED_SELECTOR = YES;
				GCC_WARN_UNINITIALIZED_AUTOS = YES_AGGRESSIVE;
				GCC_WARN_UNUSED_FUNCTION = YES;
				GCC_WARN_UNUSED_VARIABLE = YES;
				IPHONEOS_DEPLOYMENT_TARGET = 10.3;
				MTL_ENABLE_DEBUG_INFO = NO;
				SDKROOT = iphoneos;
				VALIDATE_PRODUCT = YES;
			};
			name = Release;
		};
		86E553161EA744C00027DADC /* Debug */ = {
			isa = XCBuildConfiguration;
			baseConfigurationReference = 789D8756F837E3744E5DE25D /* Pods-TFNetworkingDemo.debug.xcconfig */;
			buildSettings = {
				ASSETCATALOG_COMPILER_APPICON_NAME = AppIcon;
				DEVELOPMENT_TEAM = W58KGB664J;
				INFOPLIST_FILE = TFNetworkingDemo/Info.plist;
				IPHONEOS_DEPLOYMENT_TARGET = 8.0;
				LD_RUNPATH_SEARCH_PATHS = "$(inherited) @executable_path/Frameworks";
				PRODUCT_BUNDLE_IDENTIFIER = "http---taofei.me.TFNetworkingDemo";
				PRODUCT_NAME = "$(TARGET_NAME)";
			};
			name = Debug;
		};
		86E553171EA744C00027DADC /* Release */ = {
			isa = XCBuildConfiguration;
			baseConfigurationReference = D2D0D573CFFBC78E1B079872 /* Pods-TFNetworkingDemo.release.xcconfig */;
			buildSettings = {
				ASSETCATALOG_COMPILER_APPICON_NAME = AppIcon;
				DEVELOPMENT_TEAM = W58KGB664J;
				INFOPLIST_FILE = TFNetworkingDemo/Info.plist;
				IPHONEOS_DEPLOYMENT_TARGET = 8.0;
				LD_RUNPATH_SEARCH_PATHS = "$(inherited) @executable_path/Frameworks";
				PRODUCT_BUNDLE_IDENTIFIER = "http---taofei.me.TFNetworkingDemo";
				PRODUCT_NAME = "$(TARGET_NAME)";
			};
			name = Release;
		};
		86E553191EA744C00027DADC /* Debug */ = {
			isa = XCBuildConfiguration;
			buildSettings = {
				BUNDLE_LOADER = "$(TEST_HOST)";
				DEVELOPMENT_TEAM = W58KGB664J;
				INFOPLIST_FILE = TFNetworkingDemoTests/Info.plist;
				LD_RUNPATH_SEARCH_PATHS = "$(inherited) @executable_path/Frameworks @loader_path/Frameworks";
				PRODUCT_BUNDLE_IDENTIFIER = "http---taofei.me.TFNetworkingDemoTests";
				PRODUCT_NAME = "$(TARGET_NAME)";
				TEST_HOST = "$(BUILT_PRODUCTS_DIR)/TFNetworkingDemo.app/TFNetworkingDemo";
			};
			name = Debug;
		};
		86E5531A1EA744C00027DADC /* Release */ = {
			isa = XCBuildConfiguration;
			buildSettings = {
				BUNDLE_LOADER = "$(TEST_HOST)";
				DEVELOPMENT_TEAM = W58KGB664J;
				INFOPLIST_FILE = TFNetworkingDemoTests/Info.plist;
				LD_RUNPATH_SEARCH_PATHS = "$(inherited) @executable_path/Frameworks @loader_path/Frameworks";
				PRODUCT_BUNDLE_IDENTIFIER = "http---taofei.me.TFNetworkingDemoTests";
				PRODUCT_NAME = "$(TARGET_NAME)";
				TEST_HOST = "$(BUILT_PRODUCTS_DIR)/TFNetworkingDemo.app/TFNetworkingDemo";
			};
			name = Release;
		};
		86E5531C1EA744C00027DADC /* Debug */ = {
			isa = XCBuildConfiguration;
			buildSettings = {
				DEVELOPMENT_TEAM = W58KGB664J;
				INFOPLIST_FILE = TFNetworkingDemoUITests/Info.plist;
				LD_RUNPATH_SEARCH_PATHS = "$(inherited) @executable_path/Frameworks @loader_path/Frameworks";
				PRODUCT_BUNDLE_IDENTIFIER = "http---taofei.me.TFNetworkingDemoUITests";
				PRODUCT_NAME = "$(TARGET_NAME)";
				TEST_TARGET_NAME = TFNetworkingDemo;
			};
			name = Debug;
		};
		86E5531D1EA744C00027DADC /* Release */ = {
			isa = XCBuildConfiguration;
			buildSettings = {
				DEVELOPMENT_TEAM = W58KGB664J;
				INFOPLIST_FILE = TFNetworkingDemoUITests/Info.plist;
				LD_RUNPATH_SEARCH_PATHS = "$(inherited) @executable_path/Frameworks @loader_path/Frameworks";
				PRODUCT_BUNDLE_IDENTIFIER = "http---taofei.me.TFNetworkingDemoUITests";
				PRODUCT_NAME = "$(TARGET_NAME)";
				TEST_TARGET_NAME = TFNetworkingDemo;
			};
			name = Release;
		};
/* End XCBuildConfiguration section */

/* Begin XCConfigurationList section */
		86E552E31EA744C00027DADC /* Build configuration list for PBXProject "TFNetworkingDemo" */ = {
			isa = XCConfigurationList;
			buildConfigurations = (
				86E553131EA744C00027DADC /* Debug */,
				86E553141EA744C00027DADC /* Release */,
			);
			defaultConfigurationIsVisible = 0;
			defaultConfigurationName = Release;
		};
		86E553151EA744C00027DADC /* Build configuration list for PBXNativeTarget "TFNetworkingDemo" */ = {
			isa = XCConfigurationList;
			buildConfigurations = (
				86E553161EA744C00027DADC /* Debug */,
				86E553171EA744C00027DADC /* Release */,
			);
			defaultConfigurationIsVisible = 0;
		};
		86E553181EA744C00027DADC /* Build configuration list for PBXNativeTarget "TFNetworkingDemoTests" */ = {
			isa = XCConfigurationList;
			buildConfigurations = (
				86E553191EA744C00027DADC /* Debug */,
				86E5531A1EA744C00027DADC /* Release */,
			);
			defaultConfigurationIsVisible = 0;
		};
		86E5531B1EA744C00027DADC /* Build configuration list for PBXNativeTarget "TFNetworkingDemoUITests" */ = {
			isa = XCConfigurationList;
			buildConfigurations = (
				86E5531C1EA744C00027DADC /* Debug */,
				86E5531D1EA744C00027DADC /* Release */,
			);
			defaultConfigurationIsVisible = 0;
		};
/* End XCConfigurationList section */
	};
	rootObject = 86E552E01EA744C00027DADC /* Project object */;
}
